
Microsoft Visual Studio Solution File, Format Version 12.00
# Visual Studio Version 17
VisualStudioVersion = 17.8.34525.116
MinimumVisualStudioVersion = 10.0.40219.1
Project("{9A19103F-16F7-4668-BE54-9A1E7A4F7556}") = "ComEngineers", "ComEngineers.csproj", "{D69B3EDE-332E-4C8D-B5E0-C7E68B305DD4}"
EndProject
Project("{FAE04EC0-301F-11D3-BF4B-00C04F79EFBC}") = "ComEngineersTest", "ComEngineersTest\ComEngineersTest.csproj", "{16A2F395-C1BA-4835-A16E-847C13AF4E3D}"
EndProject
Global
	GlobalSection(SolutionConfigurationPlatforms) = preSolution
		Debug|Any CPU = Debug|Any CPU
		Release|Any CPU = Release|Any CPU
	EndGlobalSection
	GlobalSection(ProjectConfigurationPlatforms) = postSolution
		{D69B3EDE-332E-4C8D-B5E0-C7E68B305DD4}.Debug|Any CPU.ActiveCfg = Debug|Any CPU
		{D69B3EDE-332E-4C8D-B5E0-C7E68B305DD4}.Debug|Any CPU.Build.0 = Debug|Any CPU
		{D69B3EDE-332E-4C8D-B5E0-C7E68B305DD4}.Release|Any CPU.ActiveCfg = Release|Any CPU
		{D69B3EDE-332E-4C8D-B5E0-C7E68B305DD4}.Release|Any CPU.Build.0 = Release|Any CPU
		{16A2F395-C1BA-4835-A16E-847C13AF4E3D}.Debug|Any CPU.ActiveCfg = Debug|Any CPU
		{16A2F395-C1BA-4835-A16E-847C13AF4E3D}.Debug|Any CPU.Build.0 = Debug|Any CPU
		{16A2F395-C1BA-4835-A16E-847C13AF4E3D}.Release|Any CPU.ActiveCfg = Release|Any CPU
		{16A2F395-C1BA-4835-A16E-847C13AF4E3D}.Release|Any CPU.Build.0 = Release|Any CPU
	EndGlobalSection
	GlobalSection(SolutionProperties) = preSolution
		HideSolutionNode = FALSE
	EndGlobalSection
	GlobalSection(ExtensibilityGlobals) = postSolution
		SolutionGuid = {8CA96508-8829-4244-9ED4-2399FA5AE263}
	EndGlobalSection
EndGlobal
